
Microsoft Visual Studio Solution File, Format Version 12.00
# Visual Studio Version 16
VisualStudioVersion = 16.0.29905.134
MinimumVisualStudioVersion = 10.0.40219.1
Project("{FAE04EC0-301F-11D3-BF4B-00C04F79EFBC}") = "TRA_MobileAPIs", "TRA_MobileAPIs\TRA_MobileAPIs.csproj", "{7238CC43-AABA-4B61-A253-8E56FAFEC25B}"
EndProject
Global
	GlobalSection(SolutionConfigurationPlatforms) = preSolution
		Debug|Any CPU = Debug|Any CPU
		Release|Any CPU = Release|Any CPU
	EndGlobalSection
	GlobalSection(ProjectConfigurationPlatforms) = postSolution
		{7238CC43-AABA-4B61-A253-8E56FAFEC25B}.Debug|Any CPU.ActiveCfg = Debug|Any CPU
		{7238CC43-AABA-4B61-A253-8E56FAFEC25B}.Debug|Any CPU.Build.0 = Debug|Any CPU
		{7238CC43-AABA-4B61-A253-8E56FAFEC25B}.Release|Any CPU.ActiveCfg = Release|Any CPU
		{7238CC43-AABA-4B61-A253-8E56FAFEC25B}.Release|Any CPU.Build.0 = Release|Any CPU
	EndGlobalSection
	GlobalSection(SolutionProperties) = preSolution
		HideSolutionNode = FALSE
	EndGlobalSection
	GlobalSection(ExtensibilityGlobals) = postSolution
		SolutionGuid = {E40F979B-2E0C-4DA8-8D16-57458C75D7F6}
	EndGlobalSection
	GlobalSection(TeamFoundationVersionControl) = preSolution
		SccNumberOfProjects = 2
		SccEnterpriseProvider = {4CA58AB2-18FA-4F8D-95D4-32DDF27D184C}
		SccTeamFoundationServer = https://dev.azure.com/nsqlabswebapis
		SccLocalPath0 = .
		SccProjectUniqueName1 = TRA_MobileAPIs\\TRA_MobileAPIs.csproj
		SccProjectName1 = TRA_MobileAPIs
		SccLocalPath1 = TRA_MobileAPIs
	EndGlobalSection
EndGlobal
